
Microsoft Visual Studio Solution File, Format Version 12.00
# Visual Studio Version 16
VisualStudioVersion = 16.0.30611.23
MinimumVisualStudioVersion = 10.0.40219.1
Project("{FAE04EC0-301F-11D3-BF4B-00C04F79EFBC}") = "ClipMoney", "ClipMoney\ClipMoney.csproj", "{B251DC9B-4383-4ED1-8554-5BFBDC568973}"
EndProject
Global
	GlobalSection(SolutionConfigurationPlatforms) = preSolution
		Debug|Any CPU = Debug|Any CPU
		Release|Any CPU = Release|Any CPU
	EndGlobalSection
	GlobalSection(ProjectConfigurationPlatforms) = postSolution
		{B251DC9B-4383-4ED1-8554-5BFBDC568973}.Debug|Any CPU.ActiveCfg = Debug|Any CPU
		{B251DC9B-4383-4ED1-8554-5BFBDC568973}.Debug|Any CPU.Build.0 = Debug|Any CPU
		{B251DC9B-4383-4ED1-8554-5BFBDC568973}.Release|Any CPU.ActiveCfg = Release|Any CPU
		{B251DC9B-4383-4ED1-8554-5BFBDC568973}.Release|Any CPU.Build.0 = Release|Any CPU
	EndGlobalSection
	GlobalSection(SolutionProperties) = preSolution
		HideSolutionNode = FALSE
	EndGlobalSection
	GlobalSection(ExtensibilityGlobals) = postSolution
		SolutionGuid = {B460B4B7-293C-4CE6-9E55-DE45DC04C1A6}
	EndGlobalSection
EndGlobal
